// !$*UTF8*$!
{
	archiveVersion = 1;
	classes = {
	};
	objectVersion = 50;
	objects = {

/* Begin PBXBuildFile section */
		E810A2672255A0CB0033939B /* libcrypto.a in Frameworks */ = {isa = PBXBuildFile; fileRef = E810A2192255A0CB0033939B /* libcrypto.a */; };
		E810A2682255A0CB0033939B /* libssl.a in Frameworks */ = {isa = PBXBuildFile; fileRef = E810A21A2255A0CB0033939B /* libssl.a */; };
		E810A26B2255A1570033939B /* RYTRSAEncryptor.m in Sources */ = {isa = PBXBuildFile; fileRef = E810A26A2255A1570033939B /* RYTRSAEncryptor.m */; };
		E8CC6F7B22559FA9002DC013 /* AppDelegate.m in Sources */ = {isa = PBXBuildFile; fileRef = E8CC6F7A22559FA9002DC013 /* AppDelegate.m */; };
		E8CC6F7E22559FA9002DC013 /* ViewController.m in Sources */ = {isa = PBXBuildFile; fileRef = E8CC6F7D22559FA9002DC013 /* ViewController.m */; };
		E8CC6F8122559FA9002DC013 /* Main.storyboard in Resources */ = {isa = PBXBuildFile; fileRef = E8CC6F7F22559FA9002DC013 /* Main.storyboard */; };
		E8CC6F8322559FAB002DC013 /* Assets.xcassets in Resources */ = {isa = PBXBuildFile; fileRef = E8CC6F8222559FAB002DC013 /* Assets.xcassets */; };
		E8CC6F8622559FAB002DC013 /* LaunchScreen.storyboard in Resources */ = {isa = PBXBuildFile; fileRef = E8CC6F8422559FAB002DC013 /* LaunchScreen.storyboard */; };
		E8CC6F8922559FAB002DC013 /* main.m in Sources */ = {isa = PBXBuildFile; fileRef = E8CC6F8822559FAB002DC013 /* main.m */; };
/* End PBXBuildFile section */

/* Begin PBXFileReference section */
		E810A2192255A0CB0033939B /* libcrypto.a */ = {isa = PBXFileReference; lastKnownFileType = archive.ar; path = libcrypto.a; sourceTree = "<group>"; };
		E810A21A2255A0CB0033939B /* libssl.a */ = {isa = PBXFileReference; lastKnownFileType = archive.ar; path = libssl.a; sourceTree = "<group>"; };
		E810A21C2255A0CB0033939B /* pem2.h */ = {isa = PBXFileReference; fileEncoding = 4; lastKnownFileType = sourcecode.c.h; path = pem2.h; sourceTree = "<group>"; };
		E810A21D2255A0CB0033939B /* pem.h */ = {isa = PBXFileReference; fileEncoding = 4; lastKnownFileType = sourcecode.c.h; path = pem.h; sourceTree = "<group>"; };
		E810A21E2255A0CB0033939B /* ssl3.h */ = {isa = PBXFileReference; fileEncoding = 4; lastKnownFileType = sourcecode.c.h; path = ssl3.h; sourceTree = "<group>"; };
		E810A21F2255A0CB0033939B /* ossl_typ.h */ = {isa = PBXFileReference; fileEncoding = 4; lastKnownFileType = sourcecode.c.h; path = ossl_typ.h; sourceTree = "<group>"; };
		E810A2202255A0CB0033939B /* dtls1.h */ = {isa = PBXFileReference; fileEncoding = 4; lastKnownFileType = sourcecode.c.h; path = dtls1.h; sourceTree = "<group>"; };
		E810A2212255A0CB0033939B /* err.h */ = {isa = PBXFileReference; fileEncoding = 4; lastKnownFileType = sourcecode.c.h; path = err.h; sourceTree = "<group>"; };
		E810A2222255A0CB0033939B /* bn.h */ = {isa = PBXFileReference; fileEncoding = 4; lastKnownFileType = sourcecode.c.h; path = bn.h; sourceTree = "<group>"; };
		E810A2232255A0CB0033939B /* blowfish.h */ = {isa = PBXFileReference; fileEncoding = 4; lastKnownFileType = sourcecode.c.h; path = blowfish.h; sourceTree = "<group>"; };
		E810A2242255A0CB0033939B /* cms.h */ = {isa = PBXFileReference; fileEncoding = 4; lastKnownFileType = sourcecode.c.h; path = cms.h; sourceTree = "<group>"; };
		E810A2252255A0CB0033939B /* engine.h */ = {isa = PBXFileReference; fileEncoding = 4; lastKnownFileType = sourcecode.c.h; path = engine.h; sourceTree = "<group>"; };
		E810A2262255A0CB0033939B /* conf_api.h */ = {isa = PBXFileReference; fileEncoding = 4; lastKnownFileType = sourcecode.c.h; path = conf_api.h; sourceTree = "<group>"; };
		E810A2272255A0CB0033939B /* x509.h */ = {isa = PBXFileReference; fileEncoding = 4; lastKnownFileType = sourcecode.c.h; path = x509.h; sourceTree = "<group>"; };
		E810A2282255A0CB0033939B /* asn1_mac.h */ = {isa = PBXFileReference; fileEncoding = 4; lastKnownFileType = sourcecode.c.h; path = asn1_mac.h; sourceTree = "<group>"; };
		E810A2292255A0CB0033939B /* ui.h */ = {isa = PBXFileReference; fileEncoding = 4; lastKnownFileType = sourcecode.c.h; path = ui.h; sourceTree = "<group>"; };
		E810A22A2255A0CB0033939B /* kssl.h */ = {isa = PBXFileReference; fileEncoding = 4; lastKnownFileType = sourcecode.c.h; path = kssl.h; sourceTree = "<group>"; };
		E810A22B2255A0CB0033939B /* sha.h */ = {isa = PBXFileReference; fileEncoding = 4; lastKnownFileType = sourcecode.c.h; path = sha.h; sourceTree = "<group>"; };
		E810A22C2255A0CB0033939B /* symhacks.h */ = {isa = PBXFileReference; fileEncoding = 4; lastKnownFileType = sourcecode.c.h; path = symhacks.h; sourceTree = "<group>"; };
		E810A22D2255A0CB0033939B /* asn1.h */ = {isa = PBXFileReference; fileEncoding = 4; lastKnownFileType = sourcecode.c.h; path = asn1.h; sourceTree = "<group>"; };
		E810A22E2255A0CB0033939B /* opensslconf.h */ = {isa = PBXFileReference; fileEncoding = 4; lastKnownFileType = sourcecode.c.h; path = opensslconf.h; sourceTree = "<group>"; };
		E810A22F2255A0CB0033939B /* bio.h */ = {isa = PBXFileReference; fileEncoding = 4; lastKnownFileType = sourcecode.c.h; path = bio.h; sourceTree = "<group>"; };
		E810A2302255A0CB0033939B /* rc2.h */ = {isa = PBXFileReference; fileEncoding = 4; lastKnownFileType = sourcecode.c.h; path = rc2.h; sourceTree = "<group>"; };
		E810A2312255A0CB0033939B /* dh.h */ = {isa = PBXFileReference; fileEncoding = 4; lastKnownFileType = sourcecode.c.h; path = dh.h; sourceTree = "<group>"; };
		E810A2322255A0CB0033939B /* ui_compat.h */ = {isa = PBXFileReference; fileEncoding = 4; lastKnownFileType = sourcecode.c.h; path = ui_compat.h; sourceTree = "<group>"; };
		E810A2332255A0CB0033939B /* x509v3.h */ = {isa = PBXFileReference; fileEncoding = 4; lastKnownFileType = sourcecode.c.h; path = x509v3.h; sourceTree = "<group>"; };
		E810A2342255A0CB0033939B /* ssl23.h */ = {isa = PBXFileReference; fileEncoding = 4; lastKnownFileType = sourcecode.c.h; path = ssl23.h; sourceTree = "<group>"; };
		E810A2352255A0CB0033939B /* conf.h */ = {isa = PBXFileReference; fileEncoding = 4; lastKnownFileType = sourcecode.c.h; path = conf.h; sourceTree = "<group>"; };
		E810A2362255A0CB0033939B /* md5.h */ = {isa = PBXFileReference; fileEncoding = 4; lastKnownFileType = sourcecode.c.h; path = md5.h; sourceTree = "<group>"; };
		E810A2372255A0CB0033939B /* x509_vfy.h */ = {isa = PBXFileReference; fileEncoding = 4; lastKnownFileType = sourcecode.c.h; path = x509_vfy.h; sourceTree = "<group>"; };
		E810A2382255A0CB0033939B /* txt_db.h */ = {isa = PBXFileReference; fileEncoding = 4; lastKnownFileType = sourcecode.c.h; path = txt_db.h; sourceTree = "<group>"; };
		E810A2392255A0CB0033939B /* safestack.h */ = {isa = PBXFileReference; fileEncoding = 4; lastKnownFileType = sourcecode.c.h; path = safestack.h; sourceTree = "<group>"; };
		E810A23A2255A0CB0033939B /* ecdsa.h */ = {isa = PBXFileReference; fileEncoding = 4; lastKnownFileType = sourcecode.c.h; path = ecdsa.h; sourceTree = "<group>"; };
		E810A23B2255A0CB0033939B /* objects.h */ = {isa = PBXFileReference; fileEncoding = 4; lastKnownFileType = sourcecode.c.h; path = objects.h; sourceTree = "<group>"; };
		E810A23C2255A0CB0033939B /* pkcs12.h */ = {isa = PBXFileReference; fileEncoding = 4; lastKnownFileType = sourcecode.c.h; path = pkcs12.h; sourceTree = "<group>"; };
		E810A23D2255A0CB0033939B /* crypto.h */ = {isa = PBXFileReference; fileEncoding = 4; lastKnownFileType = sourcecode.c.h; path = crypto.h; sourceTree = "<group>"; };
		E810A23E2255A0CB0033939B /* opensslv.h */ = {isa = PBXFileReference; fileEncoding = 4; lastKnownFileType = sourcecode.c.h; path = opensslv.h; sourceTree = "<group>"; };
		E810A23F2255A0CB0033939B /* pkcs7.h */ = {isa = PBXFileReference; fileEncoding = 4; lastKnownFileType = sourcecode.c.h; path = pkcs7.h; sourceTree = "<group>"; };
		E810A2402255A0CB0033939B /* obj_mac.h */ = {isa = PBXFileReference; fileEncoding = 4; lastKnownFileType = sourcecode.c.h; path = obj_mac.h; sourceTree = "<group>"; };
		E810A2412255A0CB0033939B /* buffer.h */ = {isa = PBXFileReference; fileEncoding = 4; lastKnownFileType = sourcecode.c.h; path = buffer.h; sourceTree = "<group>"; };
		E810A2422255A0CB0033939B /* ssl.h */ = {isa = PBXFileReference; fileEncoding = 4; lastKnownFileType = sourcecode.c.h; path = ssl.h; sourceTree = "<group>"; };
		E810A2432255A0CB0033939B /* srp.h */ = {isa = PBXFileReference; fileEncoding = 4; lastKnownFileType = sourcecode.c.h; path = srp.h; sourceTree = "<group>"; };
		E810A2442255A0CB0033939B /* camellia.h */ = {isa = PBXFileReference; fileEncoding = 4; lastKnownFileType = sourcecode.c.h; path = camellia.h; sourceTree = "<group>"; };
		E810A2452255A0CB0033939B /* evp.h */ = {isa = PBXFileReference; fileEncoding = 4; lastKnownFileType = sourcecode.c.h; path = evp.h; sourceTree = "<group>"; };
		E810A2462255A0CB0033939B /* e_os2.h */ = {isa = PBXFileReference; fileEncoding = 4; lastKnownFileType = sourcecode.c.h; path = e_os2.h; sourceTree = "<group>"; };
		E810A2472255A0CB0033939B /* md4.h */ = {isa = PBXFileReference; fileEncoding = 4; lastKnownFileType = sourcecode.c.h; path = md4.h; sourceTree = "<group>"; };
		E810A2482255A0CB0033939B /* hmac.h */ = {isa = PBXFileReference; fileEncoding = 4; lastKnownFileType = sourcecode.c.h; path = hmac.h; sourceTree = "<group>"; };
		E810A2492255A0CB0033939B /* aes.h */ = {isa = PBXFileReference; fileEncoding = 4; lastKnownFileType = sourcecode.c.h; path = aes.h; sourceTree = "<group>"; };
		E810A24A2255A0CB0033939B /* comp.h */ = {isa = PBXFileReference; fileEncoding = 4; lastKnownFileType = sourcecode.c.h; path = comp.h; sourceTree = "<group>"; };
		E810A24B2255A0CB0033939B /* cast.h */ = {isa = PBXFileReference; fileEncoding = 4; lastKnownFileType = sourcecode.c.h; path = cast.h; sourceTree = "<group>"; };
		E810A24C2255A0CB0033939B /* rc4.h */ = {isa = PBXFileReference; fileEncoding = 4; lastKnownFileType = sourcecode.c.h; path = rc4.h; sourceTree = "<group>"; };
		E810A24D2255A0CB0033939B /* stack.h */ = {isa = PBXFileReference; fileEncoding = 4; lastKnownFileType = sourcecode.c.h; path = stack.h; sourceTree = "<group>"; };
		E810A24E2255A0CB0033939B /* des.h */ = {isa = PBXFileReference; fileEncoding = 4; lastKnownFileType = sourcecode.c.h; path = des.h; sourceTree = "<group>"; };
		E810A24F2255A0CB0033939B /* ocsp.h */ = {isa = PBXFileReference; fileEncoding = 4; lastKnownFileType = sourcecode.c.h; path = ocsp.h; sourceTree = "<group>"; };
		E810A2502255A0CB0033939B /* ec.h */ = {isa = PBXFileReference; fileEncoding = 4; lastKnownFileType = sourcecode.c.h; path = ec.h; sourceTree = "<group>"; };
		E810A2512255A0CB0033939B /* ecdh.h */ = {isa = PBXFileReference; fileEncoding = 4; lastKnownFileType = sourcecode.c.h; path = ecdh.h; sourceTree = "<group>"; };
		E810A2522255A0CB0033939B /* rand.h */ = {isa = PBXFileReference; fileEncoding = 4; lastKnownFileType = sourcecode.c.h; path = rand.h; sourceTree = "<group>"; };
		E810A2532255A0CB0033939B /* ts.h */ = {isa = PBXFileReference; fileEncoding = 4; lastKnownFileType = sourcecode.c.h; path = ts.h; sourceTree = "<group>"; };
		E810A2542255A0CB0033939B /* pqueue.h */ = {isa = PBXFileReference; fileEncoding = 4; lastKnownFileType = sourcecode.c.h; path = pqueue.h; sourceTree = "<group>"; };
		E810A2552255A0CB0033939B /* dso.h */ = {isa = PBXFileReference; fileEncoding = 4; lastKnownFileType = sourcecode.c.h; path = dso.h; sourceTree = "<group>"; };
		E810A2562255A0CB0033939B /* seed.h */ = {isa = PBXFileReference; fileEncoding = 4; lastKnownFileType = sourcecode.c.h; path = seed.h; sourceTree = "<group>"; };
		E810A2572255A0CB0033939B /* modes.h */ = {isa = PBXFileReference; fileEncoding = 4; lastKnownFileType = sourcecode.c.h; path = modes.h; sourceTree = "<group>"; };
		E810A2582255A0CB0033939B /* ssl2.h */ = {isa = PBXFileReference; fileEncoding = 4; lastKnownFileType = sourcecode.c.h; path = ssl2.h; sourceTree = "<group>"; };
		E810A2592255A0CB0033939B /* rsa.h */ = {isa = PBXFileReference; fileEncoding = 4; lastKnownFileType = sourcecode.c.h; path = rsa.h; sourceTree = "<group>"; };
		E810A25A2255A0CB0033939B /* krb5_asn.h */ = {isa = PBXFileReference; fileEncoding = 4; lastKnownFileType = sourcecode.c.h; path = krb5_asn.h; sourceTree = "<group>"; };
		E810A25B2255A0CB0033939B /* des_old.h */ = {isa = PBXFileReference; fileEncoding = 4; lastKnownFileType = sourcecode.c.h; path = des_old.h; sourceTree = "<group>"; };
		E810A25C2255A0CB0033939B /* ripemd.h */ = {isa = PBXFileReference; fileEncoding = 4; lastKnownFileType = sourcecode.c.h; path = ripemd.h; sourceTree = "<group>"; };
		E810A25D2255A0CB0033939B /* whrlpool.h */ = {isa = PBXFileReference; fileEncoding = 4; lastKnownFileType = sourcecode.c.h; path = whrlpool.h; sourceTree = "<group>"; };
		E810A25E2255A0CB0033939B /* tls1.h */ = {isa = PBXFileReference; fileEncoding = 4; lastKnownFileType = sourcecode.c.h; path = tls1.h; sourceTree = "<group>"; };
		E810A25F2255A0CB0033939B /* mdc2.h */ = {isa = PBXFileReference; fileEncoding = 4; lastKnownFileType = sourcecode.c.h; path = mdc2.h; sourceTree = "<group>"; };
		E810A2602255A0CB0033939B /* dsa.h */ = {isa = PBXFileReference; fileEncoding = 4; lastKnownFileType = sourcecode.c.h; path = dsa.h; sourceTree = "<group>"; };
		E810A2612255A0CB0033939B /* srtp.h */ = {isa = PBXFileReference; fileEncoding = 4; lastKnownFileType = sourcecode.c.h; path = srtp.h; sourceTree = "<group>"; };
		E810A2622255A0CB0033939B /* asn1t.h */ = {isa = PBXFileReference; fileEncoding = 4; lastKnownFileType = sourcecode.c.h; path = asn1t.h; sourceTree = "<group>"; };
		E810A2632255A0CB0033939B /* cmac.h */ = {isa = PBXFileReference; fileEncoding = 4; lastKnownFileType = sourcecode.c.h; path = cmac.h; sourceTree = "<group>"; };
		E810A2642255A0CB0033939B /* ebcdic.h */ = {isa = PBXFileReference; fileEncoding = 4; lastKnownFileType = sourcecode.c.h; path = ebcdic.h; sourceTree = "<group>"; };
		E810A2652255A0CB0033939B /* idea.h */ = {isa = PBXFileReference; fileEncoding = 4; lastKnownFileType = sourcecode.c.h; path = idea.h; sourceTree = "<group>"; };
		E810A2662255A0CB0033939B /* lhash.h */ = {isa = PBXFileReference; fileEncoding = 4; lastKnownFileType = sourcecode.c.h; path = lhash.h; sourceTree = "<group>"; };
		E810A2692255A1570033939B /* RYTRSAEncryptor.h */ = {isa = PBXFileReference; fileEncoding = 4; lastKnownFileType = sourcecode.c.h; path = RYTRSAEncryptor.h; sourceTree = "<group>"; };
		E810A26A2255A1570033939B /* RYTRSAEncryptor.m */ = {isa = PBXFileReference; fileEncoding = 4; lastKnownFileType = sourcecode.c.objc; path = RYTRSAEncryptor.m; sourceTree = "<group>"; };
		E8CC6F7622559FA9002DC013 /* RSA公私钥.app */ = {isa = PBXFileReference; explicitFileType = wrapper.application; includeInIndex = 0; path = "RSA公私钥.app"; sourceTree = BUILT_PRODUCTS_DIR; };
		E8CC6F7922559FA9002DC013 /* AppDelegate.h */ = {isa = PBXFileReference; lastKnownFileType = sourcecode.c.h; path = AppDelegate.h; sourceTree = "<group>"; };
		E8CC6F7A22559FA9002DC013 /* AppDelegate.m */ = {isa = PBXFileReference; lastKnownFileType = sourcecode.c.objc; path = AppDelegate.m; sourceTree = "<group>"; };
		E8CC6F7C22559FA9002DC013 /* ViewController.h */ = {isa = PBXFileReference; lastKnownFileType = sourcecode.c.h; path = ViewController.h; sourceTree = "<group>"; };
		E8CC6F7D22559FA9002DC013 /* ViewController.m */ = {isa = PBXFileReference; lastKnownFileType = sourcecode.c.objc; path = ViewController.m; sourceTree = "<group>"; };
		E8CC6F8022559FA9002DC013 /* Base */ = {isa = PBXFileReference; lastKnownFileType = file.storyboard; name = Base; path = Base.lproj/Main.storyboard; sourceTree = "<group>"; };
		E8CC6F8222559FAB002DC013 /* Assets.xcassets */ = {isa = PBXFileReference; lastKnownFileType = folder.assetcatalog; path = Assets.xcassets; sourceTree = "<group>"; };
		E8CC6F8522559FAB002DC013 /* Base */ = {isa = PBXFileReference; lastKnownFileType = file.storyboard; name = Base; path = Base.lproj/LaunchScreen.storyboard; sourceTree = "<group>"; };
		E8CC6F8722559FAB002DC013 /* Info.plist */ = {isa = PBXFileReference; lastKnownFileType = text.plist.xml; path = Info.plist; sourceTree = "<group>"; };
		E8CC6F8822559FAB002DC013 /* main.m */ = {isa = PBXFileReference; lastKnownFileType = sourcecode.c.objc; path = main.m; sourceTree = "<group>"; };
/* End PBXFileReference section */

/* Begin PBXFrameworksBuildPhase section */
		E8CC6F7322559FA9002DC013 /* Frameworks */ = {
			isa = PBXFrameworksBuildPhase;
			buildActionMask = 2147483647;
			files = (
				E810A2682255A0CB0033939B /* libssl.a in Frameworks */,
				E810A2672255A0CB0033939B /* libcrypto.a in Frameworks */,
			);
			runOnlyForDeploymentPostprocessing = 0;
		};
/* End PBXFrameworksBuildPhase section */

/* Begin PBXGroup section */
		E810A2172255A0CB0033939B /* include */ = {
			isa = PBXGroup;
			children = (
				E810A2182255A0CB0033939B /* lib */,
				E810A21B2255A0CB0033939B /* openssl */,
			);
			path = include;
			sourceTree = "<group>";
		};
		E810A2182255A0CB0033939B /* lib */ = {
			isa = PBXGroup;
			children = (
				E810A2192255A0CB0033939B /* libcrypto.a */,
				E810A21A2255A0CB0033939B /* libssl.a */,
			);
			path = lib;
			sourceTree = "<group>";
		};
		E810A21B2255A0CB0033939B /* openssl */ = {
			isa = PBXGroup;
			children = (
				E810A21C2255A0CB0033939B /* pem2.h */,
				E810A21D2255A0CB0033939B /* pem.h */,
				E810A21E2255A0CB0033939B /* ssl3.h */,
				E810A21F2255A0CB0033939B /* ossl_typ.h */,
				E810A2202255A0CB0033939B /* dtls1.h */,
				E810A2212255A0CB0033939B /* err.h */,
				E810A2222255A0CB0033939B /* bn.h */,
				E810A2232255A0CB0033939B /* blowfish.h */,
				E810A2242255A0CB0033939B /* cms.h */,
				E810A2252255A0CB0033939B /* engine.h */,
				E810A2262255A0CB0033939B /* conf_api.h */,
				E810A2272255A0CB0033939B /* x509.h */,
				E810A2282255A0CB0033939B /* asn1_mac.h */,
				E810A2292255A0CB0033939B /* ui.h */,
				E810A22A2255A0CB0033939B /* kssl.h */,
				E810A22B2255A0CB0033939B /* sha.h */,
				E810A22C2255A0CB0033939B /* symhacks.h */,
				E810A22D2255A0CB0033939B /* asn1.h */,
				E810A22E2255A0CB0033939B /* opensslconf.h */,
				E810A22F2255A0CB0033939B /* bio.h */,
				E810A2302255A0CB0033939B /* rc2.h */,
				E810A2312255A0CB0033939B /* dh.h */,
				E810A2322255A0CB0033939B /* ui_compat.h */,
				E810A2332255A0CB0033939B /* x509v3.h */,
				E810A2342255A0CB0033939B /* ssl23.h */,
				E810A2352255A0CB0033939B /* conf.h */,
				E810A2362255A0CB0033939B /* md5.h */,
				E810A2372255A0CB0033939B /* x509_vfy.h */,
				E810A2382255A0CB0033939B /* txt_db.h */,
				E810A2392255A0CB0033939B /* safestack.h */,
				E810A23A2255A0CB0033939B /* ecdsa.h */,
				E810A23B2255A0CB0033939B /* objects.h */,
				E810A23C2255A0CB0033939B /* pkcs12.h */,
				E810A23D2255A0CB0033939B /* crypto.h */,
				E810A23E2255A0CB0033939B /* opensslv.h */,
				E810A23F2255A0CB0033939B /* pkcs7.h */,
				E810A2402255A0CB0033939B /* obj_mac.h */,
				E810A2412255A0CB0033939B /* buffer.h */,
				E810A2422255A0CB0033939B /* ssl.h */,
				E810A2432255A0CB0033939B /* srp.h */,
				E810A2442255A0CB0033939B /* camellia.h */,
				E810A2452255A0CB0033939B /* evp.h */,
				E810A2462255A0CB0033939B /* e_os2.h */,
				E810A2472255A0CB0033939B /* md4.h */,
				E810A2482255A0CB0033939B /* hmac.h */,
				E810A2492255A0CB0033939B /* aes.h */,
				E810A24A2255A0CB0033939B /* comp.h */,
				E810A24B2255A0CB0033939B /* cast.h */,
				E810A24C2255A0CB0033939B /* rc4.h */,
				E810A24D2255A0CB0033939B /* stack.h */,
				E810A24E2255A0CB0033939B /* des.h */,
				E810A24F2255A0CB0033939B /* ocsp.h */,
				E810A2502255A0CB0033939B /* ec.h */,
				E810A2512255A0CB0033939B /* ecdh.h */,
				E810A2522255A0CB0033939B /* rand.h */,
				E810A2532255A0CB0033939B /* ts.h */,
				E810A2542255A0CB0033939B /* pqueue.h */,
				E810A2552255A0CB0033939B /* dso.h */,
				E810A2562255A0CB0033939B /* seed.h */,
				E810A2572255A0CB0033939B /* modes.h */,
				E810A2582255A0CB0033939B /* ssl2.h */,
				E810A2592255A0CB0033939B /* rsa.h */,
				E810A25A2255A0CB0033939B /* krb5_asn.h */,
				E810A25B2255A0CB0033939B /* des_old.h */,
				E810A25C2255A0CB0033939B /* ripemd.h */,
				E810A25D2255A0CB0033939B /* whrlpool.h */,
				E810A25E2255A0CB0033939B /* tls1.h */,
				E810A25F2255A0CB0033939B /* mdc2.h */,
				E810A2602255A0CB0033939B /* dsa.h */,
				E810A2612255A0CB0033939B /* srtp.h */,
				E810A2622255A0CB0033939B /* asn1t.h */,
				E810A2632255A0CB0033939B /* cmac.h */,
				E810A2642255A0CB0033939B /* ebcdic.h */,
				E810A2652255A0CB0033939B /* idea.h */,
				E810A2662255A0CB0033939B /* lhash.h */,
			);
			path = openssl;
			sourceTree = "<group>";
		};
		E8CC6F6D22559FA9002DC013 = {
			isa = PBXGroup;
			children = (
				E8CC6F7822559FA9002DC013 /* RSA公私钥 */,
				E8CC6F7722559FA9002DC013 /* Products */,
			);
			sourceTree = "<group>";
		};
		E8CC6F7722559FA9002DC013 /* Products */ = {
			isa = PBXGroup;
			children = (
				E8CC6F7622559FA9002DC013 /* RSA公私钥.app */,
			);
			name = Products;
			sourceTree = "<group>";
		};
		E8CC6F7822559FA9002DC013 /* RSA公私钥 */ = {
			isa = PBXGroup;
			children = (
				E810A2172255A0CB0033939B /* include */,
				E8CC6F7922559FA9002DC013 /* AppDelegate.h */,
				E8CC6F7A22559FA9002DC013 /* AppDelegate.m */,
				E8CC6F7C22559FA9002DC013 /* ViewController.h */,
				E8CC6F7D22559FA9002DC013 /* ViewController.m */,
				E810A2692255A1570033939B /* RYTRSAEncryptor.h */,
				E810A26A2255A1570033939B /* RYTRSAEncryptor.m */,
				E8CC6F7F22559FA9002DC013 /* Main.storyboard */,
				E8CC6F8222559FAB002DC013 /* Assets.xcassets */,
				E8CC6F8422559FAB002DC013 /* LaunchScreen.storyboard */,
				E8CC6F8722559FAB002DC013 /* Info.plist */,
				E8CC6F8822559FAB002DC013 /* main.m */,
			);
			path = "RSA公私钥";
			sourceTree = "<group>";
		};
/* End PBXGroup section */

/* Begin PBXNativeTarget section */
		E8CC6F7522559FA9002DC013 /* RSA公私钥 */ = {
			isa = PBXNativeTarget;
			buildConfigurationList = E8CC6F8C22559FAB002DC013 /* Build configuration list for PBXNativeTarget "RSA公私钥" */;
			buildPhases = (
				E8CC6F7222559FA9002DC013 /* Sources */,
				E8CC6F7322559FA9002DC013 /* Frameworks */,
				E8CC6F7422559FA9002DC013 /* Resources */,
			);
			buildRules = (
			);
			dependencies = (
			);
			name = "RSA公私钥";
			productName = "RSA公私钥";
			productReference = E8CC6F7622559FA9002DC013 /* RSA公私钥.app */;
			productType = "com.apple.product-type.application";
		};
/* End PBXNativeTarget section */

/* Begin PBXProject section */
		E8CC6F6E22559FA9002DC013 /* Project object */ = {
			isa = PBXProject;
			attributes = {
				LastUpgradeCheck = 0930;
				ORGANIZATIONNAME = jian.yang;
				TargetAttributes = {
					E8CC6F7522559FA9002DC013 = {
						CreatedOnToolsVersion = 9.3.1;
					};
				};
			};
			buildConfigurationList = E8CC6F7122559FA9002DC013 /* Build configuration list for PBXProject "RSA公私钥" */;
			compatibilityVersion = "Xcode 9.3";
			developmentRegion = en;
			hasScannedForEncodings = 0;
			knownRegions = (
				en,
				Base,
			);
			mainGroup = E8CC6F6D22559FA9002DC013;
			productRefGroup = E8CC6F7722559FA9002DC013 /* Products */;
			projectDirPath = "";
			projectRoot = "";
			targets = (
				E8CC6F7522559FA9002DC013 /* RSA公私钥 */,
			);
		};
/* End PBXProject section */

/* Begin PBXResourcesBuildPhase section */
		E8CC6F7422559FA9002DC013 /* Resources */ = {
			isa = PBXResourcesBuildPhase;
			buildActionMask = 2147483647;
			files = (
				E8CC6F8622559FAB002DC013 /* LaunchScreen.storyboard in Resources */,
				E8CC6F8322559FAB002DC013 /* Assets.xcassets in Resources */,
				E8CC6F8122559FA9002DC013 /* Main.storyboard in Resources */,
			);
			runOnlyForDeploymentPostprocessing = 0;
		};
/* End PBXResourcesBuildPhase section */

/* Begin PBXSourcesBuildPhase section */
		E8CC6F7222559FA9002DC013 /* Sources */ = {
			isa = PBXSourcesBuildPhase;
			buildActionMask = 2147483647;
			files = (
				E8CC6F7E22559FA9002DC013 /* ViewController.m in Sources */,
				E8CC6F8922559FAB002DC013 /* main.m in Sources */,
				E8CC6F7B22559FA9002DC013 /* AppDelegate.m in Sources */,
				E810A26B2255A1570033939B /* RYTRSAEncryptor.m in Sources */,
			);
			runOnlyForDeploymentPostprocessing = 0;
		};
/* End PBXSourcesBuildPhase section */

/* Begin PBXVariantGroup section */
		E8CC6F7F22559FA9002DC013 /* Main.storyboard */ = {
			isa = PBXVariantGroup;
			children = (
				E8CC6F8022559FA9002DC013 /* Base */,
			);
			name = Main.storyboard;
			sourceTree = "<group>";
		};
		E8CC6F8422559FAB002DC013 /* LaunchScreen.storyboard */ = {
			isa = PBXVariantGroup;
			children = (
				E8CC6F8522559FAB002DC013 /* Base */,
			);
			name = LaunchScreen.storyboard;
			sourceTree = "<group>";
		};
/* End PBXVariantGroup section */

/* Begin XCBuildConfiguration section */
		E8CC6F8A22559FAB002DC013 /* Debug */ = {
			isa = XCBuildConfiguration;
			buildSettings = {
				ALWAYS_SEARCH_USER_PATHS = NO;
				CLANG_ANALYZER_NONNULL = YES;
				CLANG_ANALYZER_NUMBER_OBJECT_CONVERSION = YES_AGGRESSIVE;
				CLANG_CXX_LANGUAGE_STANDARD = "gnu++14";
				CLANG_CXX_LIBRARY = "libc++";
				CLANG_ENABLE_MODULES = YES;
				CLANG_ENABLE_OBJC_ARC = YES;
				CLANG_ENABLE_OBJC_WEAK = YES;
				CLANG_WARN_BLOCK_CAPTURE_AUTORELEASING = YES;
				CLANG_WARN_BOOL_CONVERSION = YES;
				CLANG_WARN_COMMA = YES;
				CLANG_WARN_CONSTANT_CONVERSION = YES;
				CLANG_WARN_DEPRECATED_OBJC_IMPLEMENTATIONS = YES;
				CLANG_WARN_DIRECT_OBJC_ISA_USAGE = YES_ERROR;
				CLANG_WARN_DOCUMENTATION_COMMENTS = YES;
				CLANG_WARN_EMPTY_BODY = YES;
				CLANG_WARN_ENUM_CONVERSION = YES;
				CLANG_WARN_INFINITE_RECURSION = YES;
				CLANG_WARN_INT_CONVERSION = YES;
				CLANG_WARN_NON_LITERAL_NULL_CONVERSION = YES;
				CLANG_WARN_OBJC_IMPLICIT_RETAIN_SELF = YES;
				CLANG_WARN_OBJC_LITERAL_CONVERSION = YES;
				CLANG_WARN_OBJC_ROOT_CLASS = YES_ERROR;
				CLANG_WARN_RANGE_LOOP_ANALYSIS = YES;
				CLANG_WARN_STRICT_PROTOTYPES = YES;
				CLANG_WARN_SUSPICIOUS_MOVE = YES;
				CLANG_WARN_UNGUARDED_AVAILABILITY = YES_AGGRESSIVE;
				CLANG_WARN_UNREACHABLE_CODE = YES;
				CLANG_WARN__DUPLICATE_METHOD_MATCH = YES;
				CODE_SIGN_IDENTITY = "iPhone Developer";
				COPY_PHASE_STRIP = NO;
				DEBUG_INFORMATION_FORMAT = dwarf;
				ENABLE_STRICT_OBJC_MSGSEND = YES;
				ENABLE_TESTABILITY = YES;
				GCC_C_LANGUAGE_STANDARD = gnu11;
				GCC_DYNAMIC_NO_PIC = NO;
				GCC_NO_COMMON_BLOCKS = YES;
				GCC_OPTIMIZATION_LEVEL = 0;
				GCC_PREPROCESSOR_DEFINITIONS = (
					"DEBUG=1",
					"$(inherited)",
				);
				GCC_WARN_64_TO_32_BIT_CONVERSION = YES;
				GCC_WARN_ABOUT_RETURN_TYPE = YES_ERROR;
				GCC_WARN_UNDECLARED_SELECTOR = YES;
				GCC_WARN_UNINITIALIZED_AUTOS = YES_AGGRESSIVE;
				GCC_WARN_UNUSED_FUNCTION = YES;
				GCC_WARN_UNUSED_VARIABLE = YES;
				IPHONEOS_DEPLOYMENT_TARGET = 11.3;
				MTL_ENABLE_DEBUG_INFO = YES;
				ONLY_ACTIVE_ARCH = YES;
				SDKROOT = iphoneos;
			};
			name = Debug;
		};
		E8CC6F8B22559FAB002DC013 /* Release */ = {
			isa = XCBuildConfiguration;
			buildSettings = {
				ALWAYS_SEARCH_USER_PATHS = NO;
				CLANG_ANALYZER_NONNULL = YES;
				CLANG_ANALYZER_NUMBER_OBJECT_CONVERSION = YES_AGGRESSIVE;
				CLANG_CXX_LANGUAGE_STANDARD = "gnu++14";
				CLANG_CXX_LIBRARY = "libc++";
				CLANG_ENABLE_MODULES = YES;
				CLANG_ENABLE_OBJC_ARC = YES;
				CLANG_ENABLE_OBJC_WEAK = YES;
				CLANG_WARN_BLOCK_CAPTURE_AUTORELEASING = YES;
				CLANG_WARN_BOOL_CONVERSION = YES;
				CLANG_WARN_COMMA = YES;
				CLANG_WARN_CONSTANT_CONVERSION = YES;
				CLANG_WARN_DEPRECATED_OBJC_IMPLEMENTATIONS = YES;
				CLANG_WARN_DIRECT_OBJC_ISA_USAGE = YES_ERROR;
				CLANG_WARN_DOCUMENTATION_COMMENTS = YES;
				CLANG_WARN_EMPTY_BODY = YES;
				CLANG_WARN_ENUM_CONVERSION = YES;
				CLANG_WARN_INFINITE_RECURSION = YES;
				CLANG_WARN_INT_CONVERSION = YES;
				CLANG_WARN_NON_LITERAL_NULL_CONVERSION = YES;
				CLANG_WARN_OBJC_IMPLICIT_RETAIN_SELF = YES;
				CLANG_WARN_OBJC_LITERAL_CONVERSION = YES;
				CLANG_WARN_OBJC_ROOT_CLASS = YES_ERROR;
				CLANG_WARN_RANGE_LOOP_ANALYSIS = YES;
				CLANG_WARN_STRICT_PROTOTYPES = YES;
				CLANG_WARN_SUSPICIOUS_MOVE = YES;
				CLANG_WARN_UNGUARDED_AVAILABILITY = YES_AGGRESSIVE;
				CLANG_WARN_UNREACHABLE_CODE = YES;
				CLANG_WARN__DUPLICATE_METHOD_MATCH = YES;
				CODE_SIGN_IDENTITY = "iPhone Developer";
				COPY_PHASE_STRIP = NO;
				DEBUG_INFORMATION_FORMAT = "dwarf-with-dsym";
				ENABLE_NS_ASSERTIONS = NO;
				ENABLE_STRICT_OBJC_MSGSEND = YES;
				GCC_C_LANGUAGE_STANDARD = gnu11;
				GCC_NO_COMMON_BLOCKS = YES;
				GCC_WARN_64_TO_32_BIT_CONVERSION = YES;
				GCC_WARN_ABOUT_RETURN_TYPE = YES_ERROR;
				GCC_WARN_UNDECLARED_SELECTOR = YES;
				GCC_WARN_UNINITIALIZED_AUTOS = YES_AGGRESSIVE;
				GCC_WARN_UNUSED_FUNCTION = YES;
				GCC_WARN_UNUSED_VARIABLE = YES;
				IPHONEOS_DEPLOYMENT_TARGET = 11.3;
				MTL_ENABLE_DEBUG_INFO = NO;
				SDKROOT = iphoneos;
				VALIDATE_PRODUCT = YES;
			};
			name = Release;
		};
		E8CC6F8D22559FAB002DC013 /* Debug */ = {
			isa = XCBuildConfiguration;
			buildSettings = {
				ASSETCATALOG_COMPILER_APPICON_NAME = AppIcon;
				CODE_SIGN_STYLE = Automatic;
				DEVELOPMENT_TEAM = 37DS582758;
				HEADER_SEARCH_PATHS = "\"$(SRCROOT)/RSA公私钥/include\"";
				INFOPLIST_FILE = "RSA公私钥/Info.plist";
				LD_RUNPATH_SEARCH_PATHS = (
					"$(inherited)",
					"@executable_path/Frameworks",
				);
				LIBRARY_SEARCH_PATHS = (
					"$(inherited)",
					"$(PROJECT_DIR)/RSA公私钥/include/lib",
				);
				PRODUCT_BUNDLE_IDENTIFIER = "com.payegis.eID.RSA---";
				PRODUCT_NAME = "$(TARGET_NAME)";
				TARGETED_DEVICE_FAMILY = "1,2";
			};
			name = Debug;
		};
		E8CC6F8E22559FAB002DC013 /* Release */ = {
			isa = XCBuildConfiguration;
			buildSettings = {
				ASSETCATALOG_COMPILER_APPICON_NAME = AppIcon;
				CODE_SIGN_STYLE = Automatic;
				DEVELOPMENT_TEAM = 37DS582758;
				HEADER_SEARCH_PATHS = "\"$(SRCROOT)/RSA公私钥/include\"";
				INFOPLIST_FILE = "RSA公私钥/Info.plist";
				LD_RUNPATH_SEARCH_PATHS = (
					"$(inherited)",
					"@executable_path/Frameworks",
				);
				LIBRARY_SEARCH_PATHS = (
					"$(inherited)",
					"$(PROJECT_DIR)/RSA公私钥/include/lib",
				);
				PRODUCT_BUNDLE_IDENTIFIER = "com.payegis.eID.RSA---";
				PRODUCT_NAME = "$(TARGET_NAME)";
				TARGETED_DEVICE_FAMILY = "1,2";
			};
			name = Release;
		};
/* End XCBuildConfiguration section */

/* Begin XCConfigurationList section */
		E8CC6F7122559FA9002DC013 /* Build configuration list for PBXProject "RSA公私钥" */ = {
			isa = XCConfigurationList;
			buildConfigurations = (
				E8CC6F8A22559FAB002DC013 /* Debug */,
				E8CC6F8B22559FAB002DC013 /* Release */,
			);
			defaultConfigurationIsVisible = 0;
			defaultConfigurationName = Release;
		};
		E8CC6F8C22559FAB002DC013 /* Build configuration list for PBXNativeTarget "RSA公私钥" */ = {
			isa = XCConfigurationList;
			buildConfigurations = (
				E8CC6F8D22559FAB002DC013 /* Debug */,
				E8CC6F8E22559FAB002DC013 /* Release */,
			);
			defaultConfigurationIsVisible = 0;
			defaultConfigurationName = Release;
		};
/* End XCConfigurationList section */
	};
	rootObject = E8CC6F6E22559FA9002DC013 /* Project object */;
}
